
Microsoft Visual Studio Solution File, Format Version 12.00
# Visual Studio Version 17
VisualStudioVersion = 17.2.32516.85
MinimumVisualStudioVersion = 10.0.40219.1
Project("{8BC9CEB8-8B4A-11D0-8D11-00A0C91BC942}") = "Journey_through_the_Pyramid", "Journey_through_the_Pyramid\Journey_through_the_Pyramid.vcxproj", "{1DADDF13-2385-4A86-9099-424CE67BB274}"
EndProject
Global
	GlobalSection(SolutionConfigurationPlatforms) = preSolution
		Debug|x64 = Debug|x64
		Debug|x86 = Debug|x86
		Release|x64 = Release|x64
		Release|x86 = Release|x86
	EndGlobalSection
	GlobalSection(ProjectConfigurationPlatforms) = postSolution
		{1DADDF13-2385-4A86-9099-424CE67BB274}.Debug|x64.ActiveCfg = Debug|x64
		{1DADDF13-2385-4A86-9099-424CE67BB274}.Debug|x64.Build.0 = Debug|x64
		{1DADDF13-2385-4A86-9099-424CE67BB274}.Debug|x86.ActiveCfg = Debug|Win32
		{1DADDF13-2385-4A86-9099-424CE67BB274}.Debug|x86.Build.0 = Debug|Win32
		{1DADDF13-2385-4A86-9099-424CE67BB274}.Release|x64.ActiveCfg = Release|x64
		{1DADDF13-2385-4A86-9099-424CE67BB274}.Release|x64.Build.0 = Release|x64
		{1DADDF13-2385-4A86-9099-424CE67BB274}.Release|x86.ActiveCfg = Release|Win32
		{1DADDF13-2385-4A86-9099-424CE67BB274}.Release|x86.Build.0 = Release|Win32
	EndGlobalSection
	GlobalSection(SolutionProperties) = preSolution
		HideSolutionNode = FALSE
	EndGlobalSection
	GlobalSection(ExtensibilityGlobals) = postSolution
		SolutionGuid = {BDB03ECD-2C92-429B-9A3A-31B49D6C5E90}
	EndGlobalSection
EndGlobal
